
Microsoft Visual Studio Solution File, Format Version 12.00
# Visual Studio Version 16
VisualStudioVersion = 16.0.30114.105
MinimumVisualStudioVersion = 10.0.40219.1
Project("{FAE04EC0-301F-11D3-BF4B-00C04F79EFBC}") = "BilateralReferences", "BilateralReferences.csproj", "{92A14590-AD76-457F-99AC-2616F1F21350}"
EndProject
Global
	GlobalSection(SolutionConfigurationPlatforms) = preSolution
		Debug|Any CPU = Debug|Any CPU
		Release|Any CPU = Release|Any CPU
	EndGlobalSection
	GlobalSection(ProjectConfigurationPlatforms) = postSolution
		{92A14590-AD76-457F-99AC-2616F1F21350}.Debug|Any CPU.ActiveCfg = Debug|Any CPU
		{92A14590-AD76-457F-99AC-2616F1F21350}.Debug|Any CPU.Build.0 = Debug|Any CPU
		{92A14590-AD76-457F-99AC-2616F1F21350}.Release|Any CPU.ActiveCfg = Release|Any CPU
		{92A14590-AD76-457F-99AC-2616F1F21350}.Release|Any CPU.Build.0 = Release|Any CPU
	EndGlobalSection
	GlobalSection(SolutionProperties) = preSolution
		HideSolutionNode = FALSE
	EndGlobalSection
	GlobalSection(ExtensibilityGlobals) = postSolution
		SolutionGuid = {E8F54298-7630-4B9D-B5E4-073660747432}
	EndGlobalSection
EndGlobal
